
Microsoft Visual Studio Solution File, Format Version 12.00
# Visual Studio Version 17
VisualStudioVersion = 17.8.34322.80
MinimumVisualStudioVersion = 10.0.40219.1
Project("{FAE04EC0-301F-11D3-BF4B-00C04F79EFBC}") = "TTSAlpha", "TTSAlpha.csproj", "{006DFDDA-23D5-402F-B047-77A488101866}"
EndProject
Global
	GlobalSection(SolutionConfigurationPlatforms) = preSolution
		Debug|Any CPU = Debug|Any CPU
		Release|Any CPU = Release|Any CPU
	EndGlobalSection
	GlobalSection(ProjectConfigurationPlatforms) = postSolution
		{006DFDDA-23D5-402F-B047-77A488101866}.Debug|Any CPU.ActiveCfg = Debug|Any CPU
		{006DFDDA-23D5-402F-B047-77A488101866}.Debug|Any CPU.Build.0 = Debug|Any CPU
		{006DFDDA-23D5-402F-B047-77A488101866}.Release|Any CPU.ActiveCfg = Release|Any CPU
		{006DFDDA-23D5-402F-B047-77A488101866}.Release|Any CPU.Build.0 = Release|Any CPU
	EndGlobalSection
	GlobalSection(SolutionProperties) = preSolution
		HideSolutionNode = FALSE
	EndGlobalSection
	GlobalSection(ExtensibilityGlobals) = postSolution
		SolutionGuid = {3B1E7E7E-51B6-459D-8218-681716CA37CD}
	EndGlobalSection
EndGlobal
